
Microsoft Visual Studio Solution File, Format Version 12.00
# Visual Studio Version 16
VisualStudioVersion = 16.0.30114.105
MinimumVisualStudioVersion = 10.0.40219.1
Project("{9A19103F-16F7-4668-BE54-9A1E7A4F7556}") = "DotNetDocs.Repository", "DotNetDocs.Repository\DotNetDocs.Repository.csproj", "{D3391712-56C8-4717-BE1C-069B04653071}"
EndProject
Project("{9A19103F-16F7-4668-BE54-9A1E7A4F7556}") = "DotNetDocs.Services", "DotNetDocs.Services\DotNetDocs.Services.csproj", "{F6EAC84B-D409-441B-98B1-1867D9DB37FE}"
EndProject
Project("{2150E333-8FDC-42A3-9474-1A3956D46DE8}") = "Solution Items", "Solution Items", "{321908E6-FA6A-499A-A627-7F12F4F16561}"
	ProjectSection(SolutionItems) = preProject
		.editorconfig = .editorconfig
		.gitignore = .gitignore
	EndProjectSection
EndProject
Project("{FAE04EC0-301F-11D3-BF4B-00C04F79EFBC}") = "DotNetDocs.Wasm.Server", "DotNetDocs.Wasm\Server\DotNetDocs.Wasm.Server.csproj", "{B84B73F5-B0B4-4AB1-9F6E-EC6389E5A98B}"
EndProject
Project("{FAE04EC0-301F-11D3-BF4B-00C04F79EFBC}") = "DotNetDocs.Wasm.Client", "DotNetDocs.Wasm\Client\DotNetDocs.Wasm.Client.csproj", "{CFF84D49-8153-49EE-AD53-F90F8183B68D}"
EndProject
Project("{FAE04EC0-301F-11D3-BF4B-00C04F79EFBC}") = "DotNetDocs.Wasm.Shared", "DotNetDocs.Wasm\Shared\DotNetDocs.Wasm.Shared.csproj", "{843D8017-A48D-4DBA-A9D0-4B4A6F620B9C}"
EndProject
Global
	GlobalSection(SolutionConfigurationPlatforms) = preSolution
		Debug|Any CPU = Debug|Any CPU
		Release|Any CPU = Release|Any CPU
	EndGlobalSection
	GlobalSection(ProjectConfigurationPlatforms) = postSolution
		{D3391712-56C8-4717-BE1C-069B04653071}.Debug|Any CPU.ActiveCfg = Debug|Any CPU
		{D3391712-56C8-4717-BE1C-069B04653071}.Debug|Any CPU.Build.0 = Debug|Any CPU
		{D3391712-56C8-4717-BE1C-069B04653071}.Release|Any CPU.ActiveCfg = Release|Any CPU
		{D3391712-56C8-4717-BE1C-069B04653071}.Release|Any CPU.Build.0 = Release|Any CPU
		{F6EAC84B-D409-441B-98B1-1867D9DB37FE}.Debug|Any CPU.ActiveCfg = Debug|Any CPU
		{F6EAC84B-D409-441B-98B1-1867D9DB37FE}.Debug|Any CPU.Build.0 = Debug|Any CPU
		{F6EAC84B-D409-441B-98B1-1867D9DB37FE}.Release|Any CPU.ActiveCfg = Release|Any CPU
		{F6EAC84B-D409-441B-98B1-1867D9DB37FE}.Release|Any CPU.Build.0 = Release|Any CPU
		{B84B73F5-B0B4-4AB1-9F6E-EC6389E5A98B}.Debug|Any CPU.ActiveCfg = Debug|Any CPU
		{B84B73F5-B0B4-4AB1-9F6E-EC6389E5A98B}.Debug|Any CPU.Build.0 = Debug|Any CPU
		{B84B73F5-B0B4-4AB1-9F6E-EC6389E5A98B}.Release|Any CPU.ActiveCfg = Release|Any CPU
		{B84B73F5-B0B4-4AB1-9F6E-EC6389E5A98B}.Release|Any CPU.Build.0 = Release|Any CPU
		{CFF84D49-8153-49EE-AD53-F90F8183B68D}.Debug|Any CPU.ActiveCfg = Debug|Any CPU
		{CFF84D49-8153-49EE-AD53-F90F8183B68D}.Debug|Any CPU.Build.0 = Debug|Any CPU
		{CFF84D49-8153-49EE-AD53-F90F8183B68D}.Release|Any CPU.ActiveCfg = Release|Any CPU
		{CFF84D49-8153-49EE-AD53-F90F8183B68D}.Release|Any CPU.Build.0 = Release|Any CPU
		{843D8017-A48D-4DBA-A9D0-4B4A6F620B9C}.Debug|Any CPU.ActiveCfg = Debug|Any CPU
		{843D8017-A48D-4DBA-A9D0-4B4A6F620B9C}.Debug|Any CPU.Build.0 = Debug|Any CPU
		{843D8017-A48D-4DBA-A9D0-4B4A6F620B9C}.Release|Any CPU.ActiveCfg = Release|Any CPU
		{843D8017-A48D-4DBA-A9D0-4B4A6F620B9C}.Release|Any CPU.Build.0 = Release|Any CPU
	EndGlobalSection
	GlobalSection(SolutionProperties) = preSolution
		HideSolutionNode = FALSE
	EndGlobalSection
	GlobalSection(ExtensibilityGlobals) = postSolution
		SolutionGuid = {41A14E54-F0F2-49A2-A283-C36320E1F904}
	EndGlobalSection
EndGlobal
